
Microsoft Visual Studio Solution File, Format Version 12.00
# Visual Studio Version 16
VisualStudioVersion = 16.0.30001.183
MinimumVisualStudioVersion = 10.0.40219.1
Project("{9A19103F-16F7-4668-BE54-9A1E7A4F7556}") = "NonStdQuery.Backend.Data", "NonStdQuery.Backend.Data\NonStdQuery.Backend.Data.csproj", "{9AD6CB6D-DC77-45EA-A407-D8A549DED264}"
EndProject
Project("{FAE04EC0-301F-11D3-BF4B-00C04F79EFBC}") = "NonStdQuery.Backend.Data.Tests", "NonStdQuery.Backend.Data.Tests\NonStdQuery.Backend.Data.Tests.csproj", "{1A38C68D-DD46-43DB-A37B-4296C657DD76}"
EndProject
Global
	GlobalSection(SolutionConfigurationPlatforms) = preSolution
		Debug|Any CPU = Debug|Any CPU
		Release|Any CPU = Release|Any CPU
	EndGlobalSection
	GlobalSection(ProjectConfigurationPlatforms) = postSolution
		{9AD6CB6D-DC77-45EA-A407-D8A549DED264}.Debug|Any CPU.ActiveCfg = Debug|Any CPU
		{9AD6CB6D-DC77-45EA-A407-D8A549DED264}.Debug|Any CPU.Build.0 = Debug|Any CPU
		{9AD6CB6D-DC77-45EA-A407-D8A549DED264}.Release|Any CPU.ActiveCfg = Release|Any CPU
		{9AD6CB6D-DC77-45EA-A407-D8A549DED264}.Release|Any CPU.Build.0 = Release|Any CPU
		{1A38C68D-DD46-43DB-A37B-4296C657DD76}.Debug|Any CPU.ActiveCfg = Debug|Any CPU
		{1A38C68D-DD46-43DB-A37B-4296C657DD76}.Debug|Any CPU.Build.0 = Debug|Any CPU
		{1A38C68D-DD46-43DB-A37B-4296C657DD76}.Release|Any CPU.ActiveCfg = Release|Any CPU
		{1A38C68D-DD46-43DB-A37B-4296C657DD76}.Release|Any CPU.Build.0 = Release|Any CPU
	EndGlobalSection
	GlobalSection(SolutionProperties) = preSolution
		HideSolutionNode = FALSE
	EndGlobalSection
	GlobalSection(ExtensibilityGlobals) = postSolution
		SolutionGuid = {ED40E2DA-14F5-43D7-B2B5-8682B114A215}
	EndGlobalSection
EndGlobal
